%{
  "jason": {:hex, :jason, "1.4.4", "b9226785a9aa77b6857ca22832cffa5d5011a667207eb2a0ad56adb5db443b8a", [:mix], [{:decimal, "~> 1.0 or ~> 2.0", [hex: :decimal, repo: "hexpm", optional: true]}], "hexpm", "c5eb0cab91f094599f94d55bc63409236a8ec69a21a67814529e8d5f6cc90b3b"},
  "uuid_v7": {:hex, :uuid_v7, "0.6.0", "1d65727ade8ca619ed40fdef90c4186b50c84657d2b412f7cb79777ab2d47559", [:mix], [{:ecto, "~> 3.0", [hex: :ecto, repo: "hexpm", optional: true]}], "hexpm", "1dc401134e61da847a7b2a3b28d2593893f457b9f2704893b1ba3ff7946ce91f"},
}
